
Microsoft Visual Studio Solution File, Format Version 12.00
# Visual Studio Version 17
VisualStudioVersion = 17.5.33530.505
MinimumVisualStudioVersion = 10.0.40219.1
Project("{FAE04EC0-301F-11D3-BF4B-00C04F79EFBC}") = "la-mia-pizzeria-crud-mvc", "la-mia-pizzeria-crud-mvc\la-mia-pizzeria-crud-mvc.csproj", "{DB554E0E-BBEC-4A32-9526-81E44B8EA508}"
EndProject
Global
	GlobalSection(SolutionConfigurationPlatforms) = preSolution
		Debug|Any CPU = Debug|Any CPU
		Release|Any CPU = Release|Any CPU
	EndGlobalSection
	GlobalSection(ProjectConfigurationPlatforms) = postSolution
		{DB554E0E-BBEC-4A32-9526-81E44B8EA508}.Debug|Any CPU.ActiveCfg = Debug|Any CPU
		{DB554E0E-BBEC-4A32-9526-81E44B8EA508}.Debug|Any CPU.Build.0 = Debug|Any CPU
		{DB554E0E-BBEC-4A32-9526-81E44B8EA508}.Release|Any CPU.ActiveCfg = Release|Any CPU
		{DB554E0E-BBEC-4A32-9526-81E44B8EA508}.Release|Any CPU.Build.0 = Release|Any CPU
	EndGlobalSection
	GlobalSection(SolutionProperties) = preSolution
		HideSolutionNode = FALSE
	EndGlobalSection
	GlobalSection(ExtensibilityGlobals) = postSolution
		SolutionGuid = {3257C7C9-816F-4E45-917A-A0B9D7F53AFE}
	EndGlobalSection
EndGlobal
